
Microsoft Visual Studio Solution File, Format Version 12.00
# Visual Studio Version 16
VisualStudioVersion = 16.0.29215.179
MinimumVisualStudioVersion = 10.0.40219.1
Project("{9A19103F-16F7-4668-BE54-9A1E7A4F7556}") = "DevelopServer", "DevelopServer\DevelopServer.csproj", "{6AA17EAC-0206-4EE3-9DAC-B8EBC8CD0979}"
EndProject
Project("{FAE04EC0-301F-11D3-BF4B-00C04F79EFBC}") = "DevelopServer.Tests", "DevelopServer.Tests\DevelopServer.Tests.csproj", "{9EEF7EDE-7AAB-4FB1-89C8-1774200683C2}"
EndProject
Global
	GlobalSection(SolutionConfigurationPlatforms) = preSolution
		Debug|Any CPU = Debug|Any CPU
		Release|Any CPU = Release|Any CPU
	EndGlobalSection
	GlobalSection(ProjectConfigurationPlatforms) = postSolution
		{6AA17EAC-0206-4EE3-9DAC-B8EBC8CD0979}.Debug|Any CPU.ActiveCfg = Debug|Any CPU
		{6AA17EAC-0206-4EE3-9DAC-B8EBC8CD0979}.Debug|Any CPU.Build.0 = Debug|Any CPU
		{6AA17EAC-0206-4EE3-9DAC-B8EBC8CD0979}.Release|Any CPU.ActiveCfg = Release|Any CPU
		{6AA17EAC-0206-4EE3-9DAC-B8EBC8CD0979}.Release|Any CPU.Build.0 = Release|Any CPU
		{9EEF7EDE-7AAB-4FB1-89C8-1774200683C2}.Debug|Any CPU.ActiveCfg = Debug|Any CPU
		{9EEF7EDE-7AAB-4FB1-89C8-1774200683C2}.Debug|Any CPU.Build.0 = Debug|Any CPU
		{9EEF7EDE-7AAB-4FB1-89C8-1774200683C2}.Release|Any CPU.ActiveCfg = Release|Any CPU
		{9EEF7EDE-7AAB-4FB1-89C8-1774200683C2}.Release|Any CPU.Build.0 = Release|Any CPU
	EndGlobalSection
	GlobalSection(SolutionProperties) = preSolution
		HideSolutionNode = FALSE
	EndGlobalSection
	GlobalSection(ExtensibilityGlobals) = postSolution
		SolutionGuid = {6F2DBE35-AF94-4A56-BD40-9D74B10F3691}
	EndGlobalSection
EndGlobal
